{
  "name": "dag-wordcount-mixed",
  "version": "1.0.0",
  "lockfileVersion": 2,
  "requires": true,
  "packages": {
    "": {
      "name": "dag-wordcount-mixed",
      "version": "1.0.0",
      "license": "ISC",
      "dependencies": {
        "@faker-js/faker": "^8.4.1"
      },
      "devDependencies": {
        "@faasit/runtime": "../../../../packages/faasit-runtime/javascript"
      }
    },
    "../../../../packages/faasit-runtime/javascript": {
      "name": "@faasit/runtime",
      "version": "1.2.0",
      "dev": true,
      "license": "ISC",
      "dependencies": {
        "ali-oss": "^6.20.0"
      },
      "devDependencies": {
        "@alicloud/fc-open20210406": "^2.0.9",
        "@alicloud/openapi-client": "^0.4.6",
        "@alicloud/tea-util": "^1.4.7",
        "@types/ali-oss": "^6.16.11",
        "@types/node": "^20.8.4",
        "axios": "^1.6.0",
        "zod": "^3.21.4"
      }
    },
    "node_modules/@faasit/runtime": {
      "resolved": "../../../../packages/faasit-runtime/javascript",
      "link": true
    },
    "node_modules/@faker-js/faker": {
      "version": "8.4.1",
      "resolved": "https://registry.npmmirror.com/@faker-js/faker/-/faker-8.4.1.tgz",
      "integrity": "sha512-XQ3cU+Q8Uqmrbf2e0cIC/QN43sTBSC8KF12u29Mb47tWrt2hAgBXSgpZMj4Ao8Uk0iJcU99QsOCaIL8934obCg==",
      "funding": [
        {
          "type": "opencollective",
          "url": "https://opencollective.com/fakerjs"
        }
      ],
      "engines": {
        "node": "^14.17.0 || ^16.13.0 || >=18.0.0",
        "npm": ">=6.14.13"
      }
    }
  },
  "dependencies": {
    "@faasit/runtime": {
      "version": "file:../../../../packages/faasit-runtime/javascript",
      "requires": {
        "@alicloud/fc-open20210406": "^2.0.9",
        "@alicloud/openapi-client": "^0.4.6",
        "@alicloud/tea-util": "^1.4.7",
        "@types/ali-oss": "^6.16.11",
        "@types/node": "^20.8.4",
        "ali-oss": "^6.20.0",
        "axios": "^1.6.0",
        "zod": "^3.21.4"
      }
    },
    "@faker-js/faker": {
      "version": "8.4.1",
      "resolved": "https://registry.npmmirror.com/@faker-js/faker/-/faker-8.4.1.tgz",
      "integrity": "sha512-XQ3cU+Q8Uqmrbf2e0cIC/QN43sTBSC8KF12u29Mb47tWrt2hAgBXSgpZMj4Ao8Uk0iJcU99QsOCaIL8934obCg=="
    }
  }
}
