{
  "name": "dag-order-ticket",
  "version": "1.0.0",
  "lockfileVersion": 2,
  "requires": true,
  "packages": {
    "": {
      "name": "dag-order-ticket",
      "version": "1.0.0",
      "license": "ISC",
      "devDependencies": {
        "@faasit/runtime": "../../../../faasit-runtime/javascript"
      }
    },
    "../../../../faasit-runtime/javascript": {
      "dev": true
    },
    "node_modules/@faasit/runtime": {
      "resolved": "../../../../faasit-runtime/javascript",
      "link": true
    }
  },
  "dependencies": {
    "@faasit/runtime": {
      "version": "file:../../../../faasit-runtime/javascript"
    }
  }
}
