{
  "name": "txn-order-ticket",
  "version": "1.0.0",
  "lockfileVersion": 3,
  "requires": true,
  "packages": {
    "": {
      "name": "txn-order-ticket",
      "version": "1.0.0",
      "license": "ISC",
      "devDependencies": {
        "@faasit/runtime": "../../../../../packages/faasit-runtime/javascript"
      }
    },
    "../../../../../packages/faasit-runtime/javascript": {
      "version": "1.2.0",
      "dev": true,
      "license": "ISC",
      "dependencies": {
        "@alicloud/fc-open20210406": "^2.0.9",
        "@alicloud/openapi-client": "^0.4.6",
        "@alicloud/tea-util": "^1.4.7",
        "@faasit/runtime": "file:faasit-runtime-1.2.0.tgz",
        "axios": "^1.6.0",
        "zod": "^3.21.4"
      },
      "devDependencies": {
        "@types/node": "^20.8.4"
      }
    },
    "node_modules/@faasit/runtime": {
      "resolved": "../../../../../packages/faasit-runtime/javascript",
      "link": true
    }
  }
}
